
Microsoft Visual Studio Solution File, Format Version 12.00
# Visual Studio Version 17
VisualStudioVersion = 17.14.36327.8 d17.14
MinimumVisualStudioVersion = 10.0.40219.1
Project("{FAE04EC0-301F-11D3-BF4B-00C04F79EFBC}") = "CryptoAPI", "CryptoAPI\CryptoAPI.csproj", "{FD185026-02E2-41B9-8AA2-6F6FD5C21C79}"
EndProject
Global
	GlobalSection(SolutionConfigurationPlatforms) = preSolution
		Debug|Any CPU = Debug|Any CPU
		Release|Any CPU = Release|Any CPU
	EndGlobalSection
	GlobalSection(ProjectConfigurationPlatforms) = postSolution
		{FD185026-02E2-41B9-8AA2-6F6FD5C21C79}.Debug|Any CPU.ActiveCfg = Debug|Any CPU
		{FD185026-02E2-41B9-8AA2-6F6FD5C21C79}.Debug|Any CPU.Build.0 = Debug|Any CPU
		{FD185026-02E2-41B9-8AA2-6F6FD5C21C79}.Release|Any CPU.ActiveCfg = Release|Any CPU
		{FD185026-02E2-41B9-8AA2-6F6FD5C21C79}.Release|Any CPU.Build.0 = Release|Any CPU
	EndGlobalSection
	GlobalSection(SolutionProperties) = preSolution
		HideSolutionNode = FALSE
	EndGlobalSection
	GlobalSection(ExtensibilityGlobals) = postSolution
		SolutionGuid = {4DDB3CF5-1545-49DB-9AC8-C437DBC36D59}
	EndGlobalSection
EndGlobal
